<?xml version="1.0" encoding="utf-8"?>
<Project ToolsVersion="4.0" xmlns="http://schemas.microsoft.com/developer/msbuild/2003">
  <ItemGroup>
    <Filter Include="소스 파일">
      <UniqueIdentifier>{4FC737F1-C7A5-4376-A066-2A32D752A2FF}</UniqueIdentifier>
      <Extensions>cpp;c;cc;cxx;c++;cppm;ixx;def;odl;idl;hpj;bat;asm;asmx</Extensions>
    </Filter>
    <Filter Include="헤더 파일">
      <UniqueIdentifier>{93995380-89BD-4b04-88EB-625FBE52EBFB}</UniqueIdentifier>
      <Extensions>h;hh;hpp;hxx;h++;hm;inl;inc;ipp;xsd</Extensions>
    </Filter>
    <Filter Include="리소스 파일">
      <UniqueIdentifier>{67DA6AB6-F800-4c08-8B7A-83BB121AAD01}</UniqueIdentifier>
      <Extensions>rc;ico;cur;bmp;dlg;rc2;rct;bin;rgs;gif;jpg;jpeg;jpe;resx;tiff;tif;png;wav;mfcribbon-ms</Extensions>
    </Filter>
    <Filter Include="소스 파일\ParkingMgmt">
      <UniqueIdentifier>{888d9226-54ee-4b96-aa63-263a63249d93}</UniqueIdentifier>
    </Filter>
    <Filter Include="헤더 파일\ParkingMgmt">
      <UniqueIdentifier>{b2ab13a6-1f8a-4678-a550-b46e58b65bb7}</UniqueIdentifier>
    </Filter>
    <Filter Include="소스 파일\CafeMgmt">
      <UniqueIdentifier>{11144026-4447-410e-9c0c-1c112a71949c}</UniqueIdentifier>
    </Filter>
    <Filter Include="헤더 파일\CafeMgmt">
      <UniqueIdentifier>{238aa624-6865-45ed-91de-99b127cf5105}</UniqueIdentifier>
    </Filter>
  </ItemGroup>
  <ItemGroup>
    <ClCompile Include="3_김명준_홍종현.c">
      <Filter>소스 파일</Filter>
    </ClCompile>
    <ClCompile Include="PL_Timestamp.cpp">
      <Filter>소스 파일\ParkingMgmt</Filter>
    </ClCompile>
    <ClCompile Include="Car.cpp">
      <Filter>소스 파일\ParkingMgmt</Filter>
    </ClCompile>
    <ClCompile Include="ParkingMgmt.cpp">
      <Filter>소스 파일\ParkingMgmt</Filter>
    </ClCompile>
    <ClCompile Include="CafeMgmt.cpp">
      <Filter>소스 파일\CafeMgmt</Filter>
    </ClCompile>
    <ClCompile Include="CafeMenu.cpp">
      <Filter>소스 파일\CafeMgmt</Filter>
    </ClCompile>
    <ClCompile Include="Cafe.cpp">
      <Filter>소스 파일\CafeMgmt</Filter>
    </ClCompile>
  </ItemGroup>
  <ItemGroup>
    <ClInclude Include="Car.h">
      <Filter>헤더 파일\ParkingMgmt</Filter>
    </ClInclude>
    <ClInclude Include="PL_Timestamp.h">
      <Filter>헤더 파일\ParkingMgmt</Filter>
    </ClInclude>
    <ClInclude Include="CafeMenu.h">
      <Filter>헤더 파일\CafeMgmt</Filter>
    </ClInclude>
  </ItemGroup>
  <ItemGroup>
    <None Include="Cafe.h">
      <Filter>헤더 파일\CafeMgmt</Filter>
    </None>
  </ItemGroup>
</Project>